
Microsoft Visual Studio Solution File, Format Version 12.00
# Visual Studio Version 16
VisualStudioVersion = 16.0.31229.75
MinimumVisualStudioVersion = 10.0.40219.1
Project("{FAE04EC0-301F-11D3-BF4B-00C04F79EFBC}") = "JavierCarrillo 10138957 grupo 1", "JavierCarrillo 10138957 grupo 1.csproj", "{30B9F9EE-E09B-4FE9-AE1A-8532001894CF}"
EndProject
Global
	GlobalSection(SolutionConfigurationPlatforms) = preSolution
		Debug|Any CPU = Debug|Any CPU
		Release|Any CPU = Release|Any CPU
	EndGlobalSection
	GlobalSection(ProjectConfigurationPlatforms) = postSolution
		{30B9F9EE-E09B-4FE9-AE1A-8532001894CF}.Debug|Any CPU.ActiveCfg = Debug|Any CPU
		{30B9F9EE-E09B-4FE9-AE1A-8532001894CF}.Debug|Any CPU.Build.0 = Debug|Any CPU
		{30B9F9EE-E09B-4FE9-AE1A-8532001894CF}.Release|Any CPU.ActiveCfg = Release|Any CPU
		{30B9F9EE-E09B-4FE9-AE1A-8532001894CF}.Release|Any CPU.Build.0 = Release|Any CPU
	EndGlobalSection
	GlobalSection(SolutionProperties) = preSolution
		HideSolutionNode = FALSE
	EndGlobalSection
	GlobalSection(ExtensibilityGlobals) = postSolution
		SolutionGuid = {EFBB4359-D84C-4402-97F3-ED31A7B5D2D4}
	EndGlobalSection
EndGlobal
